
Microsoft Visual Studio Solution File, Format Version 12.00
# Visual Studio 2013
VisualStudioVersion = 12.0.21005.1
MinimumVisualStudioVersion = 10.0.40219.1
Project("{FAE04EC0-301F-11D3-BF4B-00C04F79EFBC}") = "ParametrizedString", "ParametrizedString\ParametrizedString.csproj", "{EA4FEBA9-B7EB-4043-8BAC-B29E13E56FEA}"
EndProject
Project("{FAE04EC0-301F-11D3-BF4B-00C04F79EFBC}") = "ParametrizedString.Tests", "ParametrizedString.Tests\ParametrizedString.Tests.csproj", "{376044E2-224C-4813-8603-D73A001AD372}"
EndProject
Global
	GlobalSection(SolutionConfigurationPlatforms) = preSolution
		Debug|Any CPU = Debug|Any CPU
		Release|Any CPU = Release|Any CPU
	EndGlobalSection
	GlobalSection(ProjectConfigurationPlatforms) = postSolution
		{EA4FEBA9-B7EB-4043-8BAC-B29E13E56FEA}.Debug|Any CPU.ActiveCfg = Debug|Any CPU
		{EA4FEBA9-B7EB-4043-8BAC-B29E13E56FEA}.Debug|Any CPU.Build.0 = Debug|Any CPU
		{EA4FEBA9-B7EB-4043-8BAC-B29E13E56FEA}.Release|Any CPU.ActiveCfg = Release|Any CPU
		{EA4FEBA9-B7EB-4043-8BAC-B29E13E56FEA}.Release|Any CPU.Build.0 = Release|Any CPU
		{376044E2-224C-4813-8603-D73A001AD372}.Debug|Any CPU.ActiveCfg = Debug|Any CPU
		{376044E2-224C-4813-8603-D73A001AD372}.Debug|Any CPU.Build.0 = Debug|Any CPU
		{376044E2-224C-4813-8603-D73A001AD372}.Release|Any CPU.ActiveCfg = Release|Any CPU
		{376044E2-224C-4813-8603-D73A001AD372}.Release|Any CPU.Build.0 = Release|Any CPU
	EndGlobalSection
	GlobalSection(SolutionProperties) = preSolution
		HideSolutionNode = FALSE
	EndGlobalSection
EndGlobal
